
Microsoft Visual Studio Solution File, Format Version 12.00
# Visual Studio Version 16
VisualStudioVersion = 16.0.31321.278
MinimumVisualStudioVersion = 10.0.40219.1
Project("{FAE04EC0-301F-11D3-BF4B-00C04F79EFBC}") = "MyStuff.Android", "MyStuff\MyStuff.Android\MyStuff.Android.csproj", "{FD8FD763-8E3A-4954-B616-557215114D62}"
EndProject
Project("{FAE04EC0-301F-11D3-BF4B-00C04F79EFBC}") = "MyStuff.iOS", "MyStuff\MyStuff.iOS\MyStuff.iOS.csproj", "{66444FF1-19E7-4FE5-89DD-7226F3661620}"
EndProject
Project("{9A19103F-16F7-4668-BE54-9A1E7A4F7556}") = "MyStuff", "MyStuff\MyStuff\MyStuff.csproj", "{0FEF960C-5CEF-4201-87F6-BC3E9E4F470D}"
EndProject
Global
	GlobalSection(SolutionConfigurationPlatforms) = preSolution
		Debug|Any CPU = Debug|Any CPU
		Debug|iPhone = Debug|iPhone
		Debug|iPhoneSimulator = Debug|iPhoneSimulator
		Release|Any CPU = Release|Any CPU
		Release|iPhone = Release|iPhone
		Release|iPhoneSimulator = Release|iPhoneSimulator
	EndGlobalSection
	GlobalSection(ProjectConfigurationPlatforms) = postSolution
		{FD8FD763-8E3A-4954-B616-557215114D62}.Debug|Any CPU.ActiveCfg = Debug|Any CPU
		{FD8FD763-8E3A-4954-B616-557215114D62}.Debug|Any CPU.Build.0 = Debug|Any CPU
		{FD8FD763-8E3A-4954-B616-557215114D62}.Debug|Any CPU.Deploy.0 = Debug|Any CPU
		{FD8FD763-8E3A-4954-B616-557215114D62}.Debug|iPhone.ActiveCfg = Debug|Any CPU
		{FD8FD763-8E3A-4954-B616-557215114D62}.Debug|iPhone.Build.0 = Debug|Any CPU
		{FD8FD763-8E3A-4954-B616-557215114D62}.Debug|iPhone.Deploy.0 = Debug|Any CPU
		{FD8FD763-8E3A-4954-B616-557215114D62}.Debug|iPhoneSimulator.ActiveCfg = Debug|Any CPU
		{FD8FD763-8E3A-4954-B616-557215114D62}.Debug|iPhoneSimulator.Build.0 = Debug|Any CPU
		{FD8FD763-8E3A-4954-B616-557215114D62}.Debug|iPhoneSimulator.Deploy.0 = Debug|Any CPU
		{FD8FD763-8E3A-4954-B616-557215114D62}.Release|Any CPU.ActiveCfg = Release|Any CPU
		{FD8FD763-8E3A-4954-B616-557215114D62}.Release|Any CPU.Build.0 = Release|Any CPU
		{FD8FD763-8E3A-4954-B616-557215114D62}.Release|Any CPU.Deploy.0 = Release|Any CPU
		{FD8FD763-8E3A-4954-B616-557215114D62}.Release|iPhone.ActiveCfg = Release|Any CPU
		{FD8FD763-8E3A-4954-B616-557215114D62}.Release|iPhone.Build.0 = Release|Any CPU
		{FD8FD763-8E3A-4954-B616-557215114D62}.Release|iPhone.Deploy.0 = Release|Any CPU
		{FD8FD763-8E3A-4954-B616-557215114D62}.Release|iPhoneSimulator.ActiveCfg = Release|Any CPU
		{FD8FD763-8E3A-4954-B616-557215114D62}.Release|iPhoneSimulator.Build.0 = Release|Any CPU
		{FD8FD763-8E3A-4954-B616-557215114D62}.Release|iPhoneSimulator.Deploy.0 = Release|Any CPU
		{66444FF1-19E7-4FE5-89DD-7226F3661620}.Debug|Any CPU.ActiveCfg = Debug|iPhone
		{66444FF1-19E7-4FE5-89DD-7226F3661620}.Debug|Any CPU.Build.0 = Debug|iPhone
		{66444FF1-19E7-4FE5-89DD-7226F3661620}.Debug|Any CPU.Deploy.0 = Debug|iPhone
		{66444FF1-19E7-4FE5-89DD-7226F3661620}.Debug|iPhone.ActiveCfg = Debug|iPhone
		{66444FF1-19E7-4FE5-89DD-7226F3661620}.Debug|iPhone.Build.0 = Debug|iPhone
		{66444FF1-19E7-4FE5-89DD-7226F3661620}.Debug|iPhone.Deploy.0 = Debug|iPhone
		{66444FF1-19E7-4FE5-89DD-7226F3661620}.Debug|iPhoneSimulator.ActiveCfg = Debug|iPhoneSimulator
		{66444FF1-19E7-4FE5-89DD-7226F3661620}.Debug|iPhoneSimulator.Build.0 = Debug|iPhoneSimulator
		{66444FF1-19E7-4FE5-89DD-7226F3661620}.Debug|iPhoneSimulator.Deploy.0 = Debug|iPhoneSimulator
		{66444FF1-19E7-4FE5-89DD-7226F3661620}.Release|Any CPU.ActiveCfg = Release|iPhoneSimulator
		{66444FF1-19E7-4FE5-89DD-7226F3661620}.Release|Any CPU.Build.0 = Release|iPhoneSimulator
		{66444FF1-19E7-4FE5-89DD-7226F3661620}.Release|Any CPU.Deploy.0 = Release|iPhoneSimulator
		{66444FF1-19E7-4FE5-89DD-7226F3661620}.Release|iPhone.ActiveCfg = Release|iPhone
		{66444FF1-19E7-4FE5-89DD-7226F3661620}.Release|iPhone.Build.0 = Release|iPhone
		{66444FF1-19E7-4FE5-89DD-7226F3661620}.Release|iPhone.Deploy.0 = Release|iPhone
		{66444FF1-19E7-4FE5-89DD-7226F3661620}.Release|iPhoneSimulator.ActiveCfg = Release|iPhoneSimulator
		{66444FF1-19E7-4FE5-89DD-7226F3661620}.Release|iPhoneSimulator.Build.0 = Release|iPhoneSimulator
		{66444FF1-19E7-4FE5-89DD-7226F3661620}.Release|iPhoneSimulator.Deploy.0 = Release|iPhoneSimulator
		{0FEF960C-5CEF-4201-87F6-BC3E9E4F470D}.Debug|Any CPU.ActiveCfg = Debug|Any CPU
		{0FEF960C-5CEF-4201-87F6-BC3E9E4F470D}.Debug|Any CPU.Build.0 = Debug|Any CPU
		{0FEF960C-5CEF-4201-87F6-BC3E9E4F470D}.Debug|Any CPU.Deploy.0 = Debug|Any CPU
		{0FEF960C-5CEF-4201-87F6-BC3E9E4F470D}.Debug|iPhone.ActiveCfg = Debug|Any CPU
		{0FEF960C-5CEF-4201-87F6-BC3E9E4F470D}.Debug|iPhone.Build.0 = Debug|Any CPU
		{0FEF960C-5CEF-4201-87F6-BC3E9E4F470D}.Debug|iPhone.Deploy.0 = Debug|Any CPU
		{0FEF960C-5CEF-4201-87F6-BC3E9E4F470D}.Debug|iPhoneSimulator.ActiveCfg = Debug|Any CPU
		{0FEF960C-5CEF-4201-87F6-BC3E9E4F470D}.Debug|iPhoneSimulator.Build.0 = Debug|Any CPU
		{0FEF960C-5CEF-4201-87F6-BC3E9E4F470D}.Debug|iPhoneSimulator.Deploy.0 = Debug|Any CPU
		{0FEF960C-5CEF-4201-87F6-BC3E9E4F470D}.Release|Any CPU.ActiveCfg = Release|Any CPU
		{0FEF960C-5CEF-4201-87F6-BC3E9E4F470D}.Release|Any CPU.Build.0 = Release|Any CPU
		{0FEF960C-5CEF-4201-87F6-BC3E9E4F470D}.Release|Any CPU.Deploy.0 = Release|Any CPU
		{0FEF960C-5CEF-4201-87F6-BC3E9E4F470D}.Release|iPhone.ActiveCfg = Release|Any CPU
		{0FEF960C-5CEF-4201-87F6-BC3E9E4F470D}.Release|iPhone.Build.0 = Release|Any CPU
		{0FEF960C-5CEF-4201-87F6-BC3E9E4F470D}.Release|iPhone.Deploy.0 = Release|Any CPU
		{0FEF960C-5CEF-4201-87F6-BC3E9E4F470D}.Release|iPhoneSimulator.ActiveCfg = Release|Any CPU
		{0FEF960C-5CEF-4201-87F6-BC3E9E4F470D}.Release|iPhoneSimulator.Build.0 = Release|Any CPU
		{0FEF960C-5CEF-4201-87F6-BC3E9E4F470D}.Release|iPhoneSimulator.Deploy.0 = Release|Any CPU
	EndGlobalSection
	GlobalSection(SolutionProperties) = preSolution
		HideSolutionNode = FALSE
	EndGlobalSection
	GlobalSection(ExtensibilityGlobals) = postSolution
		SolutionGuid = {62F506A6-F768-4870-A52F-A9320B6732A5}
	EndGlobalSection
EndGlobal
